
Microsoft Visual Studio Solution File, Format Version 12.00
# Visual Studio Version 17
VisualStudioVersion = 17.3.32929.385
MinimumVisualStudioVersion = 10.0.40219.1
Project("{FAE04EC0-301F-11D3-BF4B-00C04F79EFBC}") = "Login", "Login\Login.csproj", "{DEF7126C-10B8-4FA9-B83E-63832E79A94D}"
EndProject
Global
	GlobalSection(SolutionConfigurationPlatforms) = preSolution
		Debug|Any CPU = Debug|Any CPU
		Release|Any CPU = Release|Any CPU
	EndGlobalSection
	GlobalSection(ProjectConfigurationPlatforms) = postSolution
		{DEF7126C-10B8-4FA9-B83E-63832E79A94D}.Debug|Any CPU.ActiveCfg = Debug|Any CPU
		{DEF7126C-10B8-4FA9-B83E-63832E79A94D}.Debug|Any CPU.Build.0 = Debug|Any CPU
		{DEF7126C-10B8-4FA9-B83E-63832E79A94D}.Release|Any CPU.ActiveCfg = Release|Any CPU
		{DEF7126C-10B8-4FA9-B83E-63832E79A94D}.Release|Any CPU.Build.0 = Release|Any CPU
	EndGlobalSection
	GlobalSection(SolutionProperties) = preSolution
		HideSolutionNode = FALSE
	EndGlobalSection
	GlobalSection(ExtensibilityGlobals) = postSolution
		SolutionGuid = {6AACB7AE-7FAE-4B9D-89E8-35134C8387D7}
	EndGlobalSection
EndGlobal
